// !$*UTF8*$!
{
	archiveVersion = 1;
	classes = {
	};
	objectVersion = 50;
	objects = {

/* Begin PBXBuildFile section */
		330DE0A0221D5EBD00BB3FDA /* User+CoreDataClass.swift in Sources */ = {isa = PBXBuildFile; fileRef = 330DE096221D5EBD00BB3FDA /* User+CoreDataClass.swift */; };
		330DE0A1221D5EBD00BB3FDA /* User+CoreDataProperties.swift in Sources */ = {isa = PBXBuildFile; fileRef = 330DE097221D5EBD00BB3FDA /* User+CoreDataProperties.swift */; };
		330DE0A2221D5EBD00BB3FDA /* Offer+CoreDataClass.swift in Sources */ = {isa = PBXBuildFile; fileRef = 330DE098221D5EBD00BB3FDA /* Offer+CoreDataClass.swift */; };
		330DE0A3221D5EBD00BB3FDA /* Offer+CoreDataProperties.swift in Sources */ = {isa = PBXBuildFile; fileRef = 330DE099221D5EBD00BB3FDA /* Offer+CoreDataProperties.swift */; };
		330DE0A4221D5EBD00BB3FDA /* Notification+CoreDataClass.swift in Sources */ = {isa = PBXBuildFile; fileRef = 330DE09A221D5EBD00BB3FDA /* Notification+CoreDataClass.swift */; };
		330DE0A5221D5EBD00BB3FDA /* Notification+CoreDataProperties.swift in Sources */ = {isa = PBXBuildFile; fileRef = 330DE09B221D5EBD00BB3FDA /* Notification+CoreDataProperties.swift */; };
		330DE0A6221D5EBD00BB3FDA /* Review+CoreDataClass.swift in Sources */ = {isa = PBXBuildFile; fileRef = 330DE09C221D5EBD00BB3FDA /* Review+CoreDataClass.swift */; };
		330DE0A7221D5EBD00BB3FDA /* Review+CoreDataProperties.swift in Sources */ = {isa = PBXBuildFile; fileRef = 330DE09D221D5EBD00BB3FDA /* Review+CoreDataProperties.swift */; };
		330DE0A8221D5EBD00BB3FDA /* Application+CoreDataClass.swift in Sources */ = {isa = PBXBuildFile; fileRef = 330DE09E221D5EBD00BB3FDA /* Application+CoreDataClass.swift */; };
		330DE0A9221D5EBD00BB3FDA /* Application+CoreDataProperties.swift in Sources */ = {isa = PBXBuildFile; fileRef = 330DE09F221D5EBD00BB3FDA /* Application+CoreDataProperties.swift */; };
		330DE0AB221D6C3800BB3FDA /* PersistenceManager.swift in Sources */ = {isa = PBXBuildFile; fileRef = 330DE0AA221D6C3800BB3FDA /* PersistenceManager.swift */; };
		3360A9C32216B93100AA801A /* AppDelegate.swift in Sources */ = {isa = PBXBuildFile; fileRef = 3360A9C22216B93100AA801A /* AppDelegate.swift */; };
		3360A9C52216B93100AA801A /* ViewController.swift in Sources */ = {isa = PBXBuildFile; fileRef = 3360A9C42216B93100AA801A /* ViewController.swift */; };
		3360A9C82216B93100AA801A /* Main.storyboard in Resources */ = {isa = PBXBuildFile; fileRef = 3360A9C62216B93100AA801A /* Main.storyboard */; };
		3360A9CD2216B93200AA801A /* Assets.xcassets in Resources */ = {isa = PBXBuildFile; fileRef = 3360A9CC2216B93200AA801A /* Assets.xcassets */; };
		3360A9D02216B93200AA801A /* LaunchScreen.storyboard in Resources */ = {isa = PBXBuildFile; fileRef = 3360A9CE2216B93200AA801A /* LaunchScreen.storyboard */; };
		3360A9DB2216B93200AA801A /* UnisaLiftTests.swift in Sources */ = {isa = PBXBuildFile; fileRef = 3360A9DA2216B93200AA801A /* UnisaLiftTests.swift */; };
		3360A9E62216B93200AA801A /* UnisaLiftUITests.swift in Sources */ = {isa = PBXBuildFile; fileRef = 3360A9E52216B93200AA801A /* UnisaLiftUITests.swift */; };
		33D49B39221DA0A20045BD3D /* RegistrazioneViewController.swift in Sources */ = {isa = PBXBuildFile; fileRef = 33D49B38221DA0A20045BD3D /* RegistrazioneViewController.swift */; };
		33D49B40221DB2EA0045BD3D /* Id+CoreDataClass.swift in Sources */ = {isa = PBXBuildFile; fileRef = 33D49B3E221DB2EA0045BD3D /* Id+CoreDataClass.swift */; };
		33D49B41221DB2EA0045BD3D /* Id+CoreDataProperties.swift in Sources */ = {isa = PBXBuildFile; fileRef = 33D49B3F221DB2EA0045BD3D /* Id+CoreDataProperties.swift */; };
		33F3BB25221AF51300EC3559 /* MainModel.xcdatamodeld in Sources */ = {isa = PBXBuildFile; fileRef = 33F3BB23221AF51300EC3559 /* MainModel.xcdatamodeld */; };
		33F3BB27221AF60500EC3559 /* TestStoryboard.storyboard in Resources */ = {isa = PBXBuildFile; fileRef = 33F3BB26221AF60500EC3559 /* TestStoryboard.storyboard */; };
		5D225F13221985AB0000BE75 /* RichiesteViewController.swift in Sources */ = {isa = PBXBuildFile; fileRef = 5D225F12221985AB0000BE75 /* RichiesteViewController.swift */; };
		5D3CA47C2219B67900010A9B /* DettagliOffertaViewController.swift in Sources */ = {isa = PBXBuildFile; fileRef = 5D3CA47B2219B67900010A9B /* DettagliOffertaViewController.swift */; };
		5D67E84B221D79A10034BDEB /* NewOfferViewController.swift in Sources */ = {isa = PBXBuildFile; fileRef = 5D67E84A221D79A10034BDEB /* NewOfferViewController.swift */; };
		5D714337221D91CB00534160 /* DettagliMiaOffertaViewController.swift in Sources */ = {isa = PBXBuildFile; fileRef = 5D714336221D91CB00534160 /* DettagliMiaOffertaViewController.swift */; };
		5D738B6B221AF5E700ADD750 /* OffertaTableViewCell.swift in Sources */ = {isa = PBXBuildFile; fileRef = 5D738B6A221AF5E700ADD750 /* OffertaTableViewCell.swift */; };
		5D747611221BF08500CA2035 /* RichiesteTableViewCell.swift in Sources */ = {isa = PBXBuildFile; fileRef = 5D747610221BF08500CA2035 /* RichiesteTableViewCell.swift */; };
		5D747613221C096F00CA2035 /* ModificaProfiloViewController.swift in Sources */ = {isa = PBXBuildFile; fileRef = 5D747612221C096F00CA2035 /* ModificaProfiloViewController.swift */; };
		5DDBD5712218A4B5005BD270 /* OFFERSViewController.swift in Sources */ = {isa = PBXBuildFile; fileRef = 5DDBD5702218A4B5005BD270 /* OFFERSViewController.swift */; };
		5DE616A8221AD755007C0C15 /* ImpostazioniViewController.swift in Sources */ = {isa = PBXBuildFile; fileRef = 5DE616A7221AD755007C0C15 /* ImpostazioniViewController.swift */; };
		5DF965FE221ACB3600624246 /* UserLoginViewController.swift in Sources */ = {isa = PBXBuildFile; fileRef = 5DF965FD221ACB3600624246 /* UserLoginViewController.swift */; };
		C109D308221B17CE006B75C4 /* Registrazione.storyboard in Resources */ = {isa = PBXBuildFile; fileRef = C109D307221B17CE006B75C4 /* Registrazione.storyboard */; };
		C109D30A221B17EA006B75C4 /* Offerte.storyboard in Resources */ = {isa = PBXBuildFile; fileRef = C109D309221B17EA006B75C4 /* Offerte.storyboard */; };
		C109D30C221B18F3006B75C4 /* DettagliOfferte.storyboard in Resources */ = {isa = PBXBuildFile; fileRef = C109D30B221B18F3006B75C4 /* DettagliOfferte.storyboard */; };
		C109D30F221B194A006B75C4 /* Richieste.storyboard in Resources */ = {isa = PBXBuildFile; fileRef = C109D30D221B194A006B75C4 /* Richieste.storyboard */; };
		C109D311221B1966006B75C4 /* DettagliRichieste.storyboard in Resources */ = {isa = PBXBuildFile; fileRef = C109D310221B1966006B75C4 /* DettagliRichieste.storyboard */; };
		C109D313221B19B3006B75C4 /* Impostazioni.storyboard in Resources */ = {isa = PBXBuildFile; fileRef = C109D312221B19B3006B75C4 /* Impostazioni.storyboard */; };
/* End PBXBuildFile section */

/* Begin PBXContainerItemProxy section */
		3360A9D72216B93200AA801A /* PBXContainerItemProxy */ = {
			isa = PBXContainerItemProxy;
			containerPortal = 3360A9B72216B93100AA801A /* Project object */;
			proxyType = 1;
			remoteGlobalIDString = 3360A9BE2216B93100AA801A;
			remoteInfo = UnisaLift;
		};
		3360A9E22216B93200AA801A /* PBXContainerItemProxy */ = {
			isa = PBXContainerItemProxy;
			containerPortal = 3360A9B72216B93100AA801A /* Project object */;
			proxyType = 1;
			remoteGlobalIDString = 3360A9BE2216B93100AA801A;
			remoteInfo = UnisaLift;
		};
/* End PBXContainerItemProxy section */

/* Begin PBXFileReference section */
		330DE096221D5EBD00BB3FDA /* User+CoreDataClass.swift */ = {isa = PBXFileReference; lastKnownFileType = sourcecode.swift; path = "User+CoreDataClass.swift"; sourceTree = "<group>"; };
		330DE097221D5EBD00BB3FDA /* User+CoreDataProperties.swift */ = {isa = PBXFileReference; lastKnownFileType = sourcecode.swift; path = "User+CoreDataProperties.swift"; sourceTree = "<group>"; };
		330DE098221D5EBD00BB3FDA /* Offer+CoreDataClass.swift */ = {isa = PBXFileReference; lastKnownFileType = sourcecode.swift; path = "Offer+CoreDataClass.swift"; sourceTree = "<group>"; };
		330DE099221D5EBD00BB3FDA /* Offer+CoreDataProperties.swift */ = {isa = PBXFileReference; lastKnownFileType = sourcecode.swift; path = "Offer+CoreDataProperties.swift"; sourceTree = "<group>"; };
		330DE09A221D5EBD00BB3FDA /* Notification+CoreDataClass.swift */ = {isa = PBXFileReference; lastKnownFileType = sourcecode.swift; path = "Notification+CoreDataClass.swift"; sourceTree = "<group>"; };
		330DE09B221D5EBD00BB3FDA /* Notification+CoreDataProperties.swift */ = {isa = PBXFileReference; lastKnownFileType = sourcecode.swift; path = "Notification+CoreDataProperties.swift"; sourceTree = "<group>"; };
		330DE09C221D5EBD00BB3FDA /* Review+CoreDataClass.swift */ = {isa = PBXFileReference; lastKnownFileType = sourcecode.swift; path = "Review+CoreDataClass.swift"; sourceTree = "<group>"; };
		330DE09D221D5EBD00BB3FDA /* Review+CoreDataProperties.swift */ = {isa = PBXFileReference; lastKnownFileType = sourcecode.swift; path = "Review+CoreDataProperties.swift"; sourceTree = "<group>"; };
		330DE09E221D5EBD00BB3FDA /* Application+CoreDataClass.swift */ = {isa = PBXFileReference; lastKnownFileType = sourcecode.swift; path = "Application+CoreDataClass.swift"; sourceTree = "<group>"; };
		330DE09F221D5EBD00BB3FDA /* Application+CoreDataProperties.swift */ = {isa = PBXFileReference; lastKnownFileType = sourcecode.swift; path = "Application+CoreDataProperties.swift"; sourceTree = "<group>"; };
		330DE0AA221D6C3800BB3FDA /* PersistenceManager.swift */ = {isa = PBXFileReference; lastKnownFileType = sourcecode.swift; path = PersistenceManager.swift; sourceTree = "<group>"; };
		3360A9BF2216B93100AA801A /* UnisaLift.app */ = {isa = PBXFileReference; explicitFileType = wrapper.application; includeInIndex = 0; path = UnisaLift.app; sourceTree = BUILT_PRODUCTS_DIR; };
		3360A9C22216B93100AA801A /* AppDelegate.swift */ = {isa = PBXFileReference; lastKnownFileType = sourcecode.swift; path = AppDelegate.swift; sourceTree = "<group>"; };
		3360A9C42216B93100AA801A /* ViewController.swift */ = {isa = PBXFileReference; lastKnownFileType = sourcecode.swift; path = ViewController.swift; sourceTree = "<group>"; };
		3360A9C72216B93100AA801A /* Base */ = {isa = PBXFileReference; lastKnownFileType = file.storyboard; name = Base; path = Base.lproj/Main.storyboard; sourceTree = "<group>"; };
		3360A9CC2216B93200AA801A /* Assets.xcassets */ = {isa = PBXFileReference; lastKnownFileType = folder.assetcatalog; path = Assets.xcassets; sourceTree = "<group>"; };
		3360A9CF2216B93200AA801A /* Base */ = {isa = PBXFileReference; lastKnownFileType = file.storyboard; name = Base; path = Base.lproj/LaunchScreen.storyboard; sourceTree = "<group>"; };
		3360A9D12216B93200AA801A /* Info.plist */ = {isa = PBXFileReference; lastKnownFileType = text.plist.xml; path = Info.plist; sourceTree = "<group>"; };
		3360A9D62216B93200AA801A /* UnisaLiftTests.xctest */ = {isa = PBXFileReference; explicitFileType = wrapper.cfbundle; includeInIndex = 0; path = UnisaLiftTests.xctest; sourceTree = BUILT_PRODUCTS_DIR; };
		3360A9DA2216B93200AA801A /* UnisaLiftTests.swift */ = {isa = PBXFileReference; lastKnownFileType = sourcecode.swift; path = UnisaLiftTests.swift; sourceTree = "<group>"; };
		3360A9DC2216B93200AA801A /* Info.plist */ = {isa = PBXFileReference; lastKnownFileType = text.plist.xml; path = Info.plist; sourceTree = "<group>"; };
		3360A9E12216B93200AA801A /* UnisaLiftUITests.xctest */ = {isa = PBXFileReference; explicitFileType = wrapper.cfbundle; includeInIndex = 0; path = UnisaLiftUITests.xctest; sourceTree = BUILT_PRODUCTS_DIR; };
		3360A9E52216B93200AA801A /* UnisaLiftUITests.swift */ = {isa = PBXFileReference; lastKnownFileType = sourcecode.swift; path = UnisaLiftUITests.swift; sourceTree = "<group>"; };
		3360A9E72216B93200AA801A /* Info.plist */ = {isa = PBXFileReference; lastKnownFileType = text.plist.xml; path = Info.plist; sourceTree = "<group>"; };
		33D49B38221DA0A20045BD3D /* RegistrazioneViewController.swift */ = {isa = PBXFileReference; lastKnownFileType = sourcecode.swift; path = RegistrazioneViewController.swift; sourceTree = "<group>"; };
		33D49B3E221DB2EA0045BD3D /* Id+CoreDataClass.swift */ = {isa = PBXFileReference; lastKnownFileType = sourcecode.swift; path = "Id+CoreDataClass.swift"; sourceTree = "<group>"; };
		33D49B3F221DB2EA0045BD3D /* Id+CoreDataProperties.swift */ = {isa = PBXFileReference; lastKnownFileType = sourcecode.swift; path = "Id+CoreDataProperties.swift"; sourceTree = "<group>"; };
		33F3BB24221AF51300EC3559 /* MainModel.xcdatamodel */ = {isa = PBXFileReference; lastKnownFileType = wrapper.xcdatamodel; path = MainModel.xcdatamodel; sourceTree = "<group>"; };
		33F3BB26221AF60500EC3559 /* TestStoryboard.storyboard */ = {isa = PBXFileReference; lastKnownFileType = file.storyboard; path = TestStoryboard.storyboard; sourceTree = "<group>"; };
		5D225F12221985AB0000BE75 /* RichiesteViewController.swift */ = {isa = PBXFileReference; lastKnownFileType = sourcecode.swift; path = RichiesteViewController.swift; sourceTree = "<group>"; };
		5D3CA47B2219B67900010A9B /* DettagliOffertaViewController.swift */ = {isa = PBXFileReference; lastKnownFileType = sourcecode.swift; path = DettagliOffertaViewController.swift; sourceTree = "<group>"; };
		5D67E84A221D79A10034BDEB /* NewOfferViewController.swift */ = {isa = PBXFileReference; lastKnownFileType = sourcecode.swift; path = NewOfferViewController.swift; sourceTree = "<group>"; };
		5D714336221D91CB00534160 /* DettagliMiaOffertaViewController.swift */ = {isa = PBXFileReference; lastKnownFileType = sourcecode.swift; path = DettagliMiaOffertaViewController.swift; sourceTree = "<group>"; };
		5D738B6A221AF5E700ADD750 /* OffertaTableViewCell.swift */ = {isa = PBXFileReference; lastKnownFileType = sourcecode.swift; path = OffertaTableViewCell.swift; sourceTree = "<group>"; };
		5D747610221BF08500CA2035 /* RichiesteTableViewCell.swift */ = {isa = PBXFileReference; lastKnownFileType = sourcecode.swift; path = RichiesteTableViewCell.swift; sourceTree = "<group>"; };
		5D747612221C096F00CA2035 /* ModificaProfiloViewController.swift */ = {isa = PBXFileReference; lastKnownFileType = sourcecode.swift; path = ModificaProfiloViewController.swift; sourceTree = "<group>"; };
		5DDBD5702218A4B5005BD270 /* OFFERSViewController.swift */ = {isa = PBXFileReference; lastKnownFileType = sourcecode.swift; path = OFFERSViewController.swift; sourceTree = "<group>"; };
		5DE616A7221AD755007C0C15 /* ImpostazioniViewController.swift */ = {isa = PBXFileReference; lastKnownFileType = sourcecode.swift; path = ImpostazioniViewController.swift; sourceTree = "<group>"; };
		5DF965FD221ACB3600624246 /* UserLoginViewController.swift */ = {isa = PBXFileReference; lastKnownFileType = sourcecode.swift; path = UserLoginViewController.swift; sourceTree = "<group>"; };
		C109D307221B17CE006B75C4 /* Registrazione.storyboard */ = {isa = PBXFileReference; fileEncoding = 4; lastKnownFileType = file.storyboard; path = Registrazione.storyboard; sourceTree = "<group>"; };
		C109D309221B17EA006B75C4 /* Offerte.storyboard */ = {isa = PBXFileReference; fileEncoding = 4; lastKnownFileType = file.storyboard; path = Offerte.storyboard; sourceTree = "<group>"; };
		C109D30B221B18F3006B75C4 /* DettagliOfferte.storyboard */ = {isa = PBXFileReference; fileEncoding = 4; lastKnownFileType = file.storyboard; path = DettagliOfferte.storyboard; sourceTree = "<group>"; };
		C109D30E221B194A006B75C4 /* Base */ = {isa = PBXFileReference; lastKnownFileType = file.storyboard; name = Base; path = UnisaLift/Base.lproj/Richieste.storyboard; sourceTree = "<group>"; };
		C109D310221B1966006B75C4 /* DettagliRichieste.storyboard */ = {isa = PBXFileReference; fileEncoding = 4; lastKnownFileType = file.storyboard; path = DettagliRichieste.storyboard; sourceTree = "<group>"; };
		C109D312221B19B3006B75C4 /* Impostazioni.storyboard */ = {isa = PBXFileReference; fileEncoding = 4; lastKnownFileType = file.storyboard; path = Impostazioni.storyboard; sourceTree = "<group>"; };
/* End PBXFileReference section */

/* Begin PBXFrameworksBuildPhase section */
		3360A9BC2216B93100AA801A /* Frameworks */ = {
			isa = PBXFrameworksBuildPhase;
			buildActionMask = 2147483647;
			files = (
			);
			runOnlyForDeploymentPostprocessing = 0;
		};
		3360A9D32216B93200AA801A /* Frameworks */ = {
			isa = PBXFrameworksBuildPhase;
			buildActionMask = 2147483647;
			files = (
			);
			runOnlyForDeploymentPostprocessing = 0;
		};
		3360A9DE2216B93200AA801A /* Frameworks */ = {
			isa = PBXFrameworksBuildPhase;
			buildActionMask = 2147483647;
			files = (
			);
			runOnlyForDeploymentPostprocessing = 0;
		};
/* End PBXFrameworksBuildPhase section */

/* Begin PBXGroup section */
		3360A9B62216B93100AA801A = {
			isa = PBXGroup;
			children = (
				33D49B3E221DB2EA0045BD3D /* Id+CoreDataClass.swift */,
				33D49B3F221DB2EA0045BD3D /* Id+CoreDataProperties.swift */,
				330DE096221D5EBD00BB3FDA /* User+CoreDataClass.swift */,
				330DE097221D5EBD00BB3FDA /* User+CoreDataProperties.swift */,
				330DE098221D5EBD00BB3FDA /* Offer+CoreDataClass.swift */,
				330DE099221D5EBD00BB3FDA /* Offer+CoreDataProperties.swift */,
				330DE09A221D5EBD00BB3FDA /* Notification+CoreDataClass.swift */,
				330DE09B221D5EBD00BB3FDA /* Notification+CoreDataProperties.swift */,
				330DE09C221D5EBD00BB3FDA /* Review+CoreDataClass.swift */,
				330DE09D221D5EBD00BB3FDA /* Review+CoreDataProperties.swift */,
				330DE09E221D5EBD00BB3FDA /* Application+CoreDataClass.swift */,
				330DE09F221D5EBD00BB3FDA /* Application+CoreDataProperties.swift */,
				3360A9C12216B93100AA801A /* UnisaLift */,
				3360A9D92216B93200AA801A /* UnisaLiftTests */,
				3360A9E42216B93200AA801A /* UnisaLiftUITests */,
				3360A9C02216B93100AA801A /* Products */,
			);
			sourceTree = "<group>";
		};
		3360A9C02216B93100AA801A /* Products */ = {
			isa = PBXGroup;
			children = (
				3360A9BF2216B93100AA801A /* UnisaLift.app */,
				3360A9D62216B93200AA801A /* UnisaLiftTests.xctest */,
				3360A9E12216B93200AA801A /* UnisaLiftUITests.xctest */,
			);
			name = Products;
			sourceTree = "<group>";
		};
		3360A9C12216B93100AA801A /* UnisaLift */ = {
			isa = PBXGroup;
			children = (
				C109D312221B19B3006B75C4 /* Impostazioni.storyboard */,
				5D747612221C096F00CA2035 /* ModificaProfiloViewController.swift */,
				C109D310221B1966006B75C4 /* DettagliRichieste.storyboard */,
				C109D30D221B194A006B75C4 /* Richieste.storyboard */,
				C109D307221B17CE006B75C4 /* Registrazione.storyboard */,
				5D747610221BF08500CA2035 /* RichiesteTableViewCell.swift */,
				C109D30B221B18F3006B75C4 /* DettagliOfferte.storyboard */,
				5D714336221D91CB00534160 /* DettagliMiaOffertaViewController.swift */,
				C109D309221B17EA006B75C4 /* Offerte.storyboard */,
				5D67E84A221D79A10034BDEB /* NewOfferViewController.swift */,
				3360A9C22216B93100AA801A /* AppDelegate.swift */,
				5DE616A7221AD755007C0C15 /* ImpostazioniViewController.swift */,
				5DF965FD221ACB3600624246 /* UserLoginViewController.swift */,
				33D49B38221DA0A20045BD3D /* RegistrazioneViewController.swift */,
				3360A9C42216B93100AA801A /* ViewController.swift */,
				3360A9C62216B93100AA801A /* Main.storyboard */,
				5D738B6A221AF5E700ADD750 /* OffertaTableViewCell.swift */,
				5D3CA47B2219B67900010A9B /* DettagliOffertaViewController.swift */,
				5D225F12221985AB0000BE75 /* RichiesteViewController.swift */,
				5DDBD5702218A4B5005BD270 /* OFFERSViewController.swift */,
				3360A9CC2216B93200AA801A /* Assets.xcassets */,
				3360A9CE2216B93200AA801A /* LaunchScreen.storyboard */,
				3360A9D12216B93200AA801A /* Info.plist */,
				33F3BB26221AF60500EC3559 /* TestStoryboard.storyboard */,
				33F3BB23221AF51300EC3559 /* MainModel.xcdatamodeld */,
				330DE0AA221D6C3800BB3FDA /* PersistenceManager.swift */,
			);
			path = UnisaLift;
			sourceTree = "<group>";
		};
		3360A9D92216B93200AA801A /* UnisaLiftTests */ = {
			isa = PBXGroup;
			children = (
				3360A9DA2216B93200AA801A /* UnisaLiftTests.swift */,
				3360A9DC2216B93200AA801A /* Info.plist */,
			);
			path = UnisaLiftTests;
			sourceTree = "<group>";
		};
		3360A9E42216B93200AA801A /* UnisaLiftUITests */ = {
			isa = PBXGroup;
			children = (
				3360A9E52216B93200AA801A /* UnisaLiftUITests.swift */,
				3360A9E72216B93200AA801A /* Info.plist */,
			);
			path = UnisaLiftUITests;
			sourceTree = "<group>";
		};
/* End PBXGroup section */

/* Begin PBXNativeTarget section */
		3360A9BE2216B93100AA801A /* UnisaLift */ = {
			isa = PBXNativeTarget;
			buildConfigurationList = 3360A9EA2216B93200AA801A /* Build configuration list for PBXNativeTarget "UnisaLift" */;
			buildPhases = (
				3360A9BB2216B93100AA801A /* Sources */,
				3360A9BC2216B93100AA801A /* Frameworks */,
				3360A9BD2216B93100AA801A /* Resources */,
			);
			buildRules = (
			);
			dependencies = (
			);
			name = UnisaLift;
			productName = UnisaLift;
			productReference = 3360A9BF2216B93100AA801A /* UnisaLift.app */;
			productType = "com.apple.product-type.application";
		};
		3360A9D52216B93200AA801A /* UnisaLiftTests */ = {
			isa = PBXNativeTarget;
			buildConfigurationList = 3360A9ED2216B93200AA801A /* Build configuration list for PBXNativeTarget "UnisaLiftTests" */;
			buildPhases = (
				3360A9D22216B93200AA801A /* Sources */,
				3360A9D32216B93200AA801A /* Frameworks */,
				3360A9D42216B93200AA801A /* Resources */,
			);
			buildRules = (
			);
			dependencies = (
				3360A9D82216B93200AA801A /* PBXTargetDependency */,
			);
			name = UnisaLiftTests;
			productName = UnisaLiftTests;
			productReference = 3360A9D62216B93200AA801A /* UnisaLiftTests.xctest */;
			productType = "com.apple.product-type.bundle.unit-test";
		};
		3360A9E02216B93200AA801A /* UnisaLiftUITests */ = {
			isa = PBXNativeTarget;
			buildConfigurationList = 3360A9F02216B93200AA801A /* Build configuration list for PBXNativeTarget "UnisaLiftUITests" */;
			buildPhases = (
				3360A9DD2216B93200AA801A /* Sources */,
				3360A9DE2216B93200AA801A /* Frameworks */,
				3360A9DF2216B93200AA801A /* Resources */,
			);
			buildRules = (
			);
			dependencies = (
				3360A9E32216B93200AA801A /* PBXTargetDependency */,
			);
			name = UnisaLiftUITests;
			productName = UnisaLiftUITests;
			productReference = 3360A9E12216B93200AA801A /* UnisaLiftUITests.xctest */;
			productType = "com.apple.product-type.bundle.ui-testing";
		};
/* End PBXNativeTarget section */

/* Begin PBXProject section */
		3360A9B72216B93100AA801A /* Project object */ = {
			isa = PBXProject;
			attributes = {
				LastSwiftUpdateCheck = 1010;
				LastUpgradeCheck = 1010;
				ORGANIZATIONNAME = RottenApples;
				TargetAttributes = {
					3360A9BE2216B93100AA801A = {
						CreatedOnToolsVersion = 10.1;
					};
					3360A9D52216B93200AA801A = {
						CreatedOnToolsVersion = 10.1;
						TestTargetID = 3360A9BE2216B93100AA801A;
					};
					3360A9E02216B93200AA801A = {
						CreatedOnToolsVersion = 10.1;
						TestTargetID = 3360A9BE2216B93100AA801A;
					};
				};
			};
			buildConfigurationList = 3360A9BA2216B93100AA801A /* Build configuration list for PBXProject "UnisaLift" */;
			compatibilityVersion = "Xcode 9.3";
			developmentRegion = en;
			hasScannedForEncodings = 0;
			knownRegions = (
				en,
				Base,
			);
			mainGroup = 3360A9B62216B93100AA801A;
			productRefGroup = 3360A9C02216B93100AA801A /* Products */;
			projectDirPath = "";
			projectRoot = "";
			targets = (
				3360A9BE2216B93100AA801A /* UnisaLift */,
				3360A9D52216B93200AA801A /* UnisaLiftTests */,
				3360A9E02216B93200AA801A /* UnisaLiftUITests */,
			);
		};
/* End PBXProject section */

/* Begin PBXResourcesBuildPhase section */
		3360A9BD2216B93100AA801A /* Resources */ = {
			isa = PBXResourcesBuildPhase;
			buildActionMask = 2147483647;
			files = (
				C109D30A221B17EA006B75C4 /* Offerte.storyboard in Resources */,
				C109D30C221B18F3006B75C4 /* DettagliOfferte.storyboard in Resources */,
				3360A9D02216B93200AA801A /* LaunchScreen.storyboard in Resources */,
				33F3BB27221AF60500EC3559 /* TestStoryboard.storyboard in Resources */,
				C109D30F221B194A006B75C4 /* Richieste.storyboard in Resources */,
				C109D311221B1966006B75C4 /* DettagliRichieste.storyboard in Resources */,
				3360A9CD2216B93200AA801A /* Assets.xcassets in Resources */,
				3360A9C82216B93100AA801A /* Main.storyboard in Resources */,
				C109D313221B19B3006B75C4 /* Impostazioni.storyboard in Resources */,
				C109D308221B17CE006B75C4 /* Registrazione.storyboard in Resources */,
			);
			runOnlyForDeploymentPostprocessing = 0;
		};
		3360A9D42216B93200AA801A /* Resources */ = {
			isa = PBXResourcesBuildPhase;
			buildActionMask = 2147483647;
			files = (
			);
			runOnlyForDeploymentPostprocessing = 0;
		};
		3360A9DF2216B93200AA801A /* Resources */ = {
			isa = PBXResourcesBuildPhase;
			buildActionMask = 2147483647;
			files = (
			);
			runOnlyForDeploymentPostprocessing = 0;
		};
/* End PBXResourcesBuildPhase section */

/* Begin PBXSourcesBuildPhase section */
		3360A9BB2216B93100AA801A /* Sources */ = {
			isa = PBXSourcesBuildPhase;
			buildActionMask = 2147483647;
			files = (
				330DE0A2221D5EBD00BB3FDA /* Offer+CoreDataClass.swift in Sources */,
				5D747613221C096F00CA2035 /* ModificaProfiloViewController.swift in Sources */,
				5DE616A8221AD755007C0C15 /* ImpostazioniViewController.swift in Sources */,
				330DE0A0221D5EBD00BB3FDA /* User+CoreDataClass.swift in Sources */,
				5DF965FE221ACB3600624246 /* UserLoginViewController.swift in Sources */,
				5D225F13221985AB0000BE75 /* RichiesteViewController.swift in Sources */,
				33D49B40221DB2EA0045BD3D /* Id+CoreDataClass.swift in Sources */,
				330DE0A8221D5EBD00BB3FDA /* Application+CoreDataClass.swift in Sources */,
				330DE0A3221D5EBD00BB3FDA /* Offer+CoreDataProperties.swift in Sources */,
				5D738B6B221AF5E700ADD750 /* OffertaTableViewCell.swift in Sources */,
				330DE0AB221D6C3800BB3FDA /* PersistenceManager.swift in Sources */,
				5D747611221BF08500CA2035 /* RichiesteTableViewCell.swift in Sources */,
				5DDBD5712218A4B5005BD270 /* OFFERSViewController.swift in Sources */,
				5D3CA47C2219B67900010A9B /* DettagliOffertaViewController.swift in Sources */,
				3360A9C52216B93100AA801A /* ViewController.swift in Sources */,
				330DE0A4221D5EBD00BB3FDA /* Notification+CoreDataClass.swift in Sources */,
				330DE0A1221D5EBD00BB3FDA /* User+CoreDataProperties.swift in Sources */,
				330DE0A5221D5EBD00BB3FDA /* Notification+CoreDataProperties.swift in Sources */,
				33F3BB25221AF51300EC3559 /* MainModel.xcdatamodeld in Sources */,
				5D67E84B221D79A10034BDEB /* NewOfferViewController.swift in Sources */,
				33D49B41221DB2EA0045BD3D /* Id+CoreDataProperties.swift in Sources */,
				3360A9C32216B93100AA801A /* AppDelegate.swift in Sources */,
				33D49B39221DA0A20045BD3D /* RegistrazioneViewController.swift in Sources */,
				5D714337221D91CB00534160 /* DettagliMiaOffertaViewController.swift in Sources */,
				330DE0A6221D5EBD00BB3FDA /* Review+CoreDataClass.swift in Sources */,
				330DE0A9221D5EBD00BB3FDA /* Application+CoreDataProperties.swift in Sources */,
				330DE0A7221D5EBD00BB3FDA /* Review+CoreDataProperties.swift in Sources */,
			);
			runOnlyForDeploymentPostprocessing = 0;
		};
		3360A9D22216B93200AA801A /* Sources */ = {
			isa = PBXSourcesBuildPhase;
			buildActionMask = 2147483647;
			files = (
				3360A9DB2216B93200AA801A /* UnisaLiftTests.swift in Sources */,
			);
			runOnlyForDeploymentPostprocessing = 0;
		};
		3360A9DD2216B93200AA801A /* Sources */ = {
			isa = PBXSourcesBuildPhase;
			buildActionMask = 2147483647;
			files = (
				3360A9E62216B93200AA801A /* UnisaLiftUITests.swift in Sources */,
			);
			runOnlyForDeploymentPostprocessing = 0;
		};
/* End PBXSourcesBuildPhase section */

/* Begin PBXTargetDependency section */
		3360A9D82216B93200AA801A /* PBXTargetDependency */ = {
			isa = PBXTargetDependency;
			target = 3360A9BE2216B93100AA801A /* UnisaLift */;
			targetProxy = 3360A9D72216B93200AA801A /* PBXContainerItemProxy */;
		};
		3360A9E32216B93200AA801A /* PBXTargetDependency */ = {
			isa = PBXTargetDependency;
			target = 3360A9BE2216B93100AA801A /* UnisaLift */;
			targetProxy = 3360A9E22216B93200AA801A /* PBXContainerItemProxy */;
		};
/* End PBXTargetDependency section */

/* Begin PBXVariantGroup section */
		3360A9C62216B93100AA801A /* Main.storyboard */ = {
			isa = PBXVariantGroup;
			children = (
				3360A9C72216B93100AA801A /* Base */,
			);
			name = Main.storyboard;
			sourceTree = "<group>";
		};
		3360A9CE2216B93200AA801A /* LaunchScreen.storyboard */ = {
			isa = PBXVariantGroup;
			children = (
				3360A9CF2216B93200AA801A /* Base */,
			);
			name = LaunchScreen.storyboard;
			sourceTree = "<group>";
		};
		C109D30D221B194A006B75C4 /* Richieste.storyboard */ = {
			isa = PBXVariantGroup;
			children = (
				C109D30E221B194A006B75C4 /* Base */,
			);
			name = Richieste.storyboard;
			sourceTree = "<group>";
		};
/* End PBXVariantGroup section */

/* Begin XCBuildConfiguration section */
		3360A9E82216B93200AA801A /* Debug */ = {
			isa = XCBuildConfiguration;
			buildSettings = {
				ALWAYS_SEARCH_USER_PATHS = NO;
				CLANG_ANALYZER_NONNULL = YES;
				CLANG_ANALYZER_NUMBER_OBJECT_CONVERSION = YES_AGGRESSIVE;
				CLANG_CXX_LANGUAGE_STANDARD = "gnu++14";
				CLANG_CXX_LIBRARY = "libc++";
				CLANG_ENABLE_MODULES = YES;
				CLANG_ENABLE_OBJC_ARC = YES;
				CLANG_ENABLE_OBJC_WEAK = YES;
				CLANG_WARN_BLOCK_CAPTURE_AUTORELEASING = YES;
				CLANG_WARN_BOOL_CONVERSION = YES;
				CLANG_WARN_COMMA = YES;
				CLANG_WARN_CONSTANT_CONVERSION = YES;
				CLANG_WARN_DEPRECATED_OBJC_IMPLEMENTATIONS = YES;
				CLANG_WARN_DIRECT_OBJC_ISA_USAGE = YES_ERROR;
				CLANG_WARN_DOCUMENTATION_COMMENTS = YES;
				CLANG_WARN_EMPTY_BODY = YES;
				CLANG_WARN_ENUM_CONVERSION = YES;
				CLANG_WARN_INFINITE_RECURSION = YES;
				CLANG_WARN_INT_CONVERSION = YES;
				CLANG_WARN_NON_LITERAL_NULL_CONVERSION = YES;
				CLANG_WARN_OBJC_IMPLICIT_RETAIN_SELF = YES;
				CLANG_WARN_OBJC_LITERAL_CONVERSION = YES;
				CLANG_WARN_OBJC_ROOT_CLASS = YES_ERROR;
				CLANG_WARN_RANGE_LOOP_ANALYSIS = YES;
				CLANG_WARN_STRICT_PROTOTYPES = YES;
				CLANG_WARN_SUSPICIOUS_MOVE = YES;
				CLANG_WARN_UNGUARDED_AVAILABILITY = YES_AGGRESSIVE;
				CLANG_WARN_UNREACHABLE_CODE = YES;
				CLANG_WARN__DUPLICATE_METHOD_MATCH = YES;
				CODE_SIGN_IDENTITY = "iPhone Developer";
				COPY_PHASE_STRIP = NO;
				DEBUG_INFORMATION_FORMAT = dwarf;
				ENABLE_STRICT_OBJC_MSGSEND = YES;
				ENABLE_TESTABILITY = YES;
				GCC_C_LANGUAGE_STANDARD = gnu11;
				GCC_DYNAMIC_NO_PIC = NO;
				GCC_NO_COMMON_BLOCKS = YES;
				GCC_OPTIMIZATION_LEVEL = 0;
				GCC_PREPROCESSOR_DEFINITIONS = (
					"DEBUG=1",
					"$(inherited)",
				);
				GCC_WARN_64_TO_32_BIT_CONVERSION = YES;
				GCC_WARN_ABOUT_RETURN_TYPE = YES_ERROR;
				GCC_WARN_UNDECLARED_SELECTOR = YES;
				GCC_WARN_UNINITIALIZED_AUTOS = YES_AGGRESSIVE;
				GCC_WARN_UNUSED_FUNCTION = YES;
				GCC_WARN_UNUSED_VARIABLE = YES;
				IPHONEOS_DEPLOYMENT_TARGET = 12.1;
				MTL_ENABLE_DEBUG_INFO = INCLUDE_SOURCE;
				MTL_FAST_MATH = YES;
				ONLY_ACTIVE_ARCH = YES;
				SDKROOT = iphoneos;
				SWIFT_ACTIVE_COMPILATION_CONDITIONS = DEBUG;
				SWIFT_OPTIMIZATION_LEVEL = "-Onone";
			};
			name = Debug;
		};
		3360A9E92216B93200AA801A /* Release */ = {
			isa = XCBuildConfiguration;
			buildSettings = {
				ALWAYS_SEARCH_USER_PATHS = NO;
				CLANG_ANALYZER_NONNULL = YES;
				CLANG_ANALYZER_NUMBER_OBJECT_CONVERSION = YES_AGGRESSIVE;
				CLANG_CXX_LANGUAGE_STANDARD = "gnu++14";
				CLANG_CXX_LIBRARY = "libc++";
				CLANG_ENABLE_MODULES = YES;
				CLANG_ENABLE_OBJC_ARC = YES;
				CLANG_ENABLE_OBJC_WEAK = YES;
				CLANG_WARN_BLOCK_CAPTURE_AUTORELEASING = YES;
				CLANG_WARN_BOOL_CONVERSION = YES;
				CLANG_WARN_COMMA = YES;
				CLANG_WARN_CONSTANT_CONVERSION = YES;
				CLANG_WARN_DEPRECATED_OBJC_IMPLEMENTATIONS = YES;
				CLANG_WARN_DIRECT_OBJC_ISA_USAGE = YES_ERROR;
				CLANG_WARN_DOCUMENTATION_COMMENTS = YES;
				CLANG_WARN_EMPTY_BODY = YES;
				CLANG_WARN_ENUM_CONVERSION = YES;
				CLANG_WARN_INFINITE_RECURSION = YES;
				CLANG_WARN_INT_CONVERSION = YES;
				CLANG_WARN_NON_LITERAL_NULL_CONVERSION = YES;
				CLANG_WARN_OBJC_IMPLICIT_RETAIN_SELF = YES;
				CLANG_WARN_OBJC_LITERAL_CONVERSION = YES;
				CLANG_WARN_OBJC_ROOT_CLASS = YES_ERROR;
				CLANG_WARN_RANGE_LOOP_ANALYSIS = YES;
				CLANG_WARN_STRICT_PROTOTYPES = YES;
				CLANG_WARN_SUSPICIOUS_MOVE = YES;
				CLANG_WARN_UNGUARDED_AVAILABILITY = YES_AGGRESSIVE;
				CLANG_WARN_UNREACHABLE_CODE = YES;
				CLANG_WARN__DUPLICATE_METHOD_MATCH = YES;
				CODE_SIGN_IDENTITY = "iPhone Developer";
				COPY_PHASE_STRIP = NO;
				DEBUG_INFORMATION_FORMAT = "dwarf-with-dsym";
				ENABLE_NS_ASSERTIONS = NO;
				ENABLE_STRICT_OBJC_MSGSEND = YES;
				GCC_C_LANGUAGE_STANDARD = gnu11;
				GCC_NO_COMMON_BLOCKS = YES;
				GCC_WARN_64_TO_32_BIT_CONVERSION = YES;
				GCC_WARN_ABOUT_RETURN_TYPE = YES_ERROR;
				GCC_WARN_UNDECLARED_SELECTOR = YES;
				GCC_WARN_UNINITIALIZED_AUTOS = YES_AGGRESSIVE;
				GCC_WARN_UNUSED_FUNCTION = YES;
				GCC_WARN_UNUSED_VARIABLE = YES;
				IPHONEOS_DEPLOYMENT_TARGET = 12.1;
				MTL_ENABLE_DEBUG_INFO = NO;
				MTL_FAST_MATH = YES;
				SDKROOT = iphoneos;
				SWIFT_COMPILATION_MODE = wholemodule;
				SWIFT_OPTIMIZATION_LEVEL = "-O";
				VALIDATE_PRODUCT = YES;
			};
			name = Release;
		};
		3360A9EB2216B93200AA801A /* Debug */ = {
			isa = XCBuildConfiguration;
			buildSettings = {
				ASSETCATALOG_COMPILER_APPICON_NAME = AppIcon;
				CODE_SIGN_STYLE = Automatic;
				DEVELOPMENT_TEAM = K8WJKQA676;
				INFOPLIST_FILE = UnisaLift/Info.plist;
				LD_RUNPATH_SEARCH_PATHS = (
					"$(inherited)",
					"@executable_path/Frameworks",
				);
				PRODUCT_BUNDLE_IDENTIFIER = RottenApples.UnisaLift;
				PRODUCT_NAME = "$(TARGET_NAME)";
				SWIFT_VERSION = 4.2;
				TARGETED_DEVICE_FAMILY = "1,2";
			};
			name = Debug;
		};
		3360A9EC2216B93200AA801A /* Release */ = {
			isa = XCBuildConfiguration;
			buildSettings = {
				ASSETCATALOG_COMPILER_APPICON_NAME = AppIcon;
				CODE_SIGN_STYLE = Automatic;
				DEVELOPMENT_TEAM = K8WJKQA676;
				INFOPLIST_FILE = UnisaLift/Info.plist;
				LD_RUNPATH_SEARCH_PATHS = (
					"$(inherited)",
					"@executable_path/Frameworks",
				);
				PRODUCT_BUNDLE_IDENTIFIER = RottenApples.UnisaLift;
				PRODUCT_NAME = "$(TARGET_NAME)";
				SWIFT_VERSION = 4.2;
				TARGETED_DEVICE_FAMILY = "1,2";
			};
			name = Release;
		};
		3360A9EE2216B93200AA801A /* Debug */ = {
			isa = XCBuildConfiguration;
			buildSettings = {
				ALWAYS_EMBED_SWIFT_STANDARD_LIBRARIES = YES;
				BUNDLE_LOADER = "$(TEST_HOST)";
				CODE_SIGN_STYLE = Automatic;
				DEVELOPMENT_TEAM = K8WJKQA676;
				INFOPLIST_FILE = UnisaLiftTests/Info.plist;
				LD_RUNPATH_SEARCH_PATHS = (
					"$(inherited)",
					"@executable_path/Frameworks",
					"@loader_path/Frameworks",
				);
				PRODUCT_BUNDLE_IDENTIFIER = RottenApples.UnisaLiftTests;
				PRODUCT_NAME = "$(TARGET_NAME)";
				SWIFT_VERSION = 4.2;
				TARGETED_DEVICE_FAMILY = "1,2";
				TEST_HOST = "$(BUILT_PRODUCTS_DIR)/UnisaLift.app/UnisaLift";
			};
			name = Debug;
		};
		3360A9EF2216B93200AA801A /* Release */ = {
			isa = XCBuildConfiguration;
			buildSettings = {
				ALWAYS_EMBED_SWIFT_STANDARD_LIBRARIES = YES;
				BUNDLE_LOADER = "$(TEST_HOST)";
				CODE_SIGN_STYLE = Automatic;
				DEVELOPMENT_TEAM = K8WJKQA676;
				INFOPLIST_FILE = UnisaLiftTests/Info.plist;
				LD_RUNPATH_SEARCH_PATHS = (
					"$(inherited)",
					"@executable_path/Frameworks",
					"@loader_path/Frameworks",
				);
				PRODUCT_BUNDLE_IDENTIFIER = RottenApples.UnisaLiftTests;
				PRODUCT_NAME = "$(TARGET_NAME)";
				SWIFT_VERSION = 4.2;
				TARGETED_DEVICE_FAMILY = "1,2";
				TEST_HOST = "$(BUILT_PRODUCTS_DIR)/UnisaLift.app/UnisaLift";
			};
			name = Release;
		};
		3360A9F12216B93200AA801A /* Debug */ = {
			isa = XCBuildConfiguration;
			buildSettings = {
				ALWAYS_EMBED_SWIFT_STANDARD_LIBRARIES = YES;
				CODE_SIGN_STYLE = Automatic;
				DEVELOPMENT_TEAM = K8WJKQA676;
				INFOPLIST_FILE = UnisaLiftUITests/Info.plist;
				LD_RUNPATH_SEARCH_PATHS = (
					"$(inherited)",
					"@executable_path/Frameworks",
					"@loader_path/Frameworks",
				);
				PRODUCT_BUNDLE_IDENTIFIER = RottenApples.UnisaLiftUITests;
				PRODUCT_NAME = "$(TARGET_NAME)";
				SWIFT_VERSION = 4.2;
				TARGETED_DEVICE_FAMILY = "1,2";
				TEST_TARGET_NAME = UnisaLift;
			};
			name = Debug;
		};
		3360A9F22216B93200AA801A /* Release */ = {
			isa = XCBuildConfiguration;
			buildSettings = {
				ALWAYS_EMBED_SWIFT_STANDARD_LIBRARIES = YES;
				CODE_SIGN_STYLE = Automatic;
				DEVELOPMENT_TEAM = K8WJKQA676;
				INFOPLIST_FILE = UnisaLiftUITests/Info.plist;
				LD_RUNPATH_SEARCH_PATHS = (
					"$(inherited)",
					"@executable_path/Frameworks",
					"@loader_path/Frameworks",
				);
				PRODUCT_BUNDLE_IDENTIFIER = RottenApples.UnisaLiftUITests;
				PRODUCT_NAME = "$(TARGET_NAME)";
				SWIFT_VERSION = 4.2;
				TARGETED_DEVICE_FAMILY = "1,2";
				TEST_TARGET_NAME = UnisaLift;
			};
			name = Release;
		};
/* End XCBuildConfiguration section */

/* Begin XCConfigurationList section */
		3360A9BA2216B93100AA801A /* Build configuration list for PBXProject "UnisaLift" */ = {
			isa = XCConfigurationList;
			buildConfigurations = (
				3360A9E82216B93200AA801A /* Debug */,
				3360A9E92216B93200AA801A /* Release */,
			);
			defaultConfigurationIsVisible = 0;
			defaultConfigurationName = Release;
		};
		3360A9EA2216B93200AA801A /* Build configuration list for PBXNativeTarget "UnisaLift" */ = {
			isa = XCConfigurationList;
			buildConfigurations = (
				3360A9EB2216B93200AA801A /* Debug */,
				3360A9EC2216B93200AA801A /* Release */,
			);
			defaultConfigurationIsVisible = 0;
			defaultConfigurationName = Release;
		};
		3360A9ED2216B93200AA801A /* Build configuration list for PBXNativeTarget "UnisaLiftTests" */ = {
			isa = XCConfigurationList;
			buildConfigurations = (
				3360A9EE2216B93200AA801A /* Debug */,
				3360A9EF2216B93200AA801A /* Release */,
			);
			defaultConfigurationIsVisible = 0;
			defaultConfigurationName = Release;
		};
		3360A9F02216B93200AA801A /* Build configuration list for PBXNativeTarget "UnisaLiftUITests" */ = {
			isa = XCConfigurationList;
			buildConfigurations = (
				3360A9F12216B93200AA801A /* Debug */,
				3360A9F22216B93200AA801A /* Release */,
			);
			defaultConfigurationIsVisible = 0;
			defaultConfigurationName = Release;
		};
/* End XCConfigurationList section */

/* Begin XCVersionGroup section */
		33F3BB23221AF51300EC3559 /* MainModel.xcdatamodeld */ = {
			isa = XCVersionGroup;
			children = (
				33F3BB24221AF51300EC3559 /* MainModel.xcdatamodel */,
			);
			currentVersion = 33F3BB24221AF51300EC3559 /* MainModel.xcdatamodel */;
			path = MainModel.xcdatamodeld;
			sourceTree = "<group>";
			versionGroupType = wrapper.xcdatamodel;
		};
/* End XCVersionGroup section */
	};
	rootObject = 3360A9B72216B93100AA801A /* Project object */;
}
